
Microsoft Visual Studio Solution File, Format Version 12.00
# Visual Studio Version 17
VisualStudioVersion = 17.12.35707.178
MinimumVisualStudioVersion = 10.0.40219.1
Project("{FAE04EC0-301F-11D3-BF4B-00C04F79EFBC}") = "Task1", "Task1\Task1.csproj", "{49EACE55-2AEC-4E22-A797-4440D97D4E7C}"
EndProject
Project("{FAE04EC0-301F-11D3-BF4B-00C04F79EFBC}") = "Task2", "..\Task2\Task2.csproj", "{604CEB92-E72A-47CD-80CB-256C3CFB4ED1}"
EndProject
Project("{FAE04EC0-301F-11D3-BF4B-00C04F79EFBC}") = "Task3", "..\Task3\Task3.csproj", "{DC9DEA84-4124-496A-966F-3D23A941FC12}"
EndProject
Project("{FAE04EC0-301F-11D3-BF4B-00C04F79EFBC}") = "Task4", "..\Task4\Task4.csproj", "{F1E424EA-550E-434B-B774-DD12171E54C9}"
EndProject
Global
	GlobalSection(SolutionConfigurationPlatforms) = preSolution
		Debug|Any CPU = Debug|Any CPU
		Release|Any CPU = Release|Any CPU
	EndGlobalSection
	GlobalSection(ProjectConfigurationPlatforms) = postSolution
		{49EACE55-2AEC-4E22-A797-4440D97D4E7C}.Debug|Any CPU.ActiveCfg = Debug|Any CPU
		{49EACE55-2AEC-4E22-A797-4440D97D4E7C}.Debug|Any CPU.Build.0 = Debug|Any CPU
		{49EACE55-2AEC-4E22-A797-4440D97D4E7C}.Release|Any CPU.ActiveCfg = Release|Any CPU
		{49EACE55-2AEC-4E22-A797-4440D97D4E7C}.Release|Any CPU.Build.0 = Release|Any CPU
		{604CEB92-E72A-47CD-80CB-256C3CFB4ED1}.Debug|Any CPU.ActiveCfg = Debug|Any CPU
		{604CEB92-E72A-47CD-80CB-256C3CFB4ED1}.Debug|Any CPU.Build.0 = Debug|Any CPU
		{604CEB92-E72A-47CD-80CB-256C3CFB4ED1}.Release|Any CPU.ActiveCfg = Release|Any CPU
		{604CEB92-E72A-47CD-80CB-256C3CFB4ED1}.Release|Any CPU.Build.0 = Release|Any CPU
		{DC9DEA84-4124-496A-966F-3D23A941FC12}.Debug|Any CPU.ActiveCfg = Debug|Any CPU
		{DC9DEA84-4124-496A-966F-3D23A941FC12}.Debug|Any CPU.Build.0 = Debug|Any CPU
		{DC9DEA84-4124-496A-966F-3D23A941FC12}.Release|Any CPU.ActiveCfg = Release|Any CPU
		{DC9DEA84-4124-496A-966F-3D23A941FC12}.Release|Any CPU.Build.0 = Release|Any CPU
		{F1E424EA-550E-434B-B774-DD12171E54C9}.Debug|Any CPU.ActiveCfg = Debug|Any CPU
		{F1E424EA-550E-434B-B774-DD12171E54C9}.Debug|Any CPU.Build.0 = Debug|Any CPU
		{F1E424EA-550E-434B-B774-DD12171E54C9}.Release|Any CPU.ActiveCfg = Release|Any CPU
		{F1E424EA-550E-434B-B774-DD12171E54C9}.Release|Any CPU.Build.0 = Release|Any CPU
	EndGlobalSection
	GlobalSection(SolutionProperties) = preSolution
		HideSolutionNode = FALSE
	EndGlobalSection
EndGlobal
